
Microsoft Visual Studio Solution File, Format Version 12.00
# Visual Studio Version 17
VisualStudioVersion = 17.9.34728.123
MinimumVisualStudioVersion = 10.0.40219.1
Project("{9A19103F-16F7-4668-BE54-9A1E7A4F7556}") = "BusinessObjects", "BusinessObjects\BusinessObjects.csproj", "{81B3F206-6A9F-4587-BD3C-FAD5B185AB47}"
EndProject
Project("{9A19103F-16F7-4668-BE54-9A1E7A4F7556}") = "DataAccessLayer", "DataAccessLayer\DataAccessLayer.csproj", "{1769A82D-F9E5-4F3F-8B42-83531824C782}"
EndProject
Project("{9A19103F-16F7-4668-BE54-9A1E7A4F7556}") = "Repository", "Repository\Repository.csproj", "{0172F544-7489-4AED-A150-60B65A65E04E}"
EndProject
Project("{9A19103F-16F7-4668-BE54-9A1E7A4F7556}") = "Service", "Service\Service.csproj", "{38405ACD-50EA-4DED-A237-CB1EC91F9E72}"
EndProject
Project("{9A19103F-16F7-4668-BE54-9A1E7A4F7556}") = "TranHaiDangWPF", "TranHaiDangWPF\TranHaiDangWPF.csproj", "{39265928-02F2-4BF9-892C-AB04FC187D39}"
EndProject
Global
	GlobalSection(SolutionConfigurationPlatforms) = preSolution
		Debug|Any CPU = Debug|Any CPU
		Release|Any CPU = Release|Any CPU
	EndGlobalSection
	GlobalSection(ProjectConfigurationPlatforms) = postSolution
		{81B3F206-6A9F-4587-BD3C-FAD5B185AB47}.Debug|Any CPU.ActiveCfg = Debug|Any CPU
		{81B3F206-6A9F-4587-BD3C-FAD5B185AB47}.Debug|Any CPU.Build.0 = Debug|Any CPU
		{81B3F206-6A9F-4587-BD3C-FAD5B185AB47}.Release|Any CPU.ActiveCfg = Release|Any CPU
		{81B3F206-6A9F-4587-BD3C-FAD5B185AB47}.Release|Any CPU.Build.0 = Release|Any CPU
		{1769A82D-F9E5-4F3F-8B42-83531824C782}.Debug|Any CPU.ActiveCfg = Debug|Any CPU
		{1769A82D-F9E5-4F3F-8B42-83531824C782}.Debug|Any CPU.Build.0 = Debug|Any CPU
		{1769A82D-F9E5-4F3F-8B42-83531824C782}.Release|Any CPU.ActiveCfg = Release|Any CPU
		{1769A82D-F9E5-4F3F-8B42-83531824C782}.Release|Any CPU.Build.0 = Release|Any CPU
		{0172F544-7489-4AED-A150-60B65A65E04E}.Debug|Any CPU.ActiveCfg = Debug|Any CPU
		{0172F544-7489-4AED-A150-60B65A65E04E}.Debug|Any CPU.Build.0 = Debug|Any CPU
		{0172F544-7489-4AED-A150-60B65A65E04E}.Release|Any CPU.ActiveCfg = Release|Any CPU
		{0172F544-7489-4AED-A150-60B65A65E04E}.Release|Any CPU.Build.0 = Release|Any CPU
		{38405ACD-50EA-4DED-A237-CB1EC91F9E72}.Debug|Any CPU.ActiveCfg = Debug|Any CPU
		{38405ACD-50EA-4DED-A237-CB1EC91F9E72}.Debug|Any CPU.Build.0 = Debug|Any CPU
		{38405ACD-50EA-4DED-A237-CB1EC91F9E72}.Release|Any CPU.ActiveCfg = Release|Any CPU
		{38405ACD-50EA-4DED-A237-CB1EC91F9E72}.Release|Any CPU.Build.0 = Release|Any CPU
		{39265928-02F2-4BF9-892C-AB04FC187D39}.Debug|Any CPU.ActiveCfg = Debug|Any CPU
		{39265928-02F2-4BF9-892C-AB04FC187D39}.Debug|Any CPU.Build.0 = Debug|Any CPU
		{39265928-02F2-4BF9-892C-AB04FC187D39}.Release|Any CPU.ActiveCfg = Release|Any CPU
		{39265928-02F2-4BF9-892C-AB04FC187D39}.Release|Any CPU.Build.0 = Release|Any CPU
	EndGlobalSection
	GlobalSection(SolutionProperties) = preSolution
		HideSolutionNode = FALSE
	EndGlobalSection
	GlobalSection(ExtensibilityGlobals) = postSolution
		SolutionGuid = {75B24D3A-45DC-4280-9704-85D0F3CA084E}
	EndGlobalSection
EndGlobal
